
Microsoft Visual Studio Solution File, Format Version 12.00
# Visual Studio 2012
Project("{FAE04EC0-301F-11D3-BF4B-00C04F79EFBC}") = "WifiTestCommApp", "WifiTestCommApp\WifiTestCommApp.csproj", "{B3805D2A-AFA7-4808-8137-09CDDD715D58}"
EndProject
Global
	GlobalSection(SolutionConfigurationPlatforms) = preSolution
		Debug|Any CPU = Debug|Any CPU
		Release|Any CPU = Release|Any CPU
	EndGlobalSection
	GlobalSection(ProjectConfigurationPlatforms) = postSolution
		{B3805D2A-AFA7-4808-8137-09CDDD715D58}.Debug|Any CPU.ActiveCfg = Release|Any CPU
		{B3805D2A-AFA7-4808-8137-09CDDD715D58}.Debug|Any CPU.Build.0 = Release|Any CPU
		{B3805D2A-AFA7-4808-8137-09CDDD715D58}.Release|Any CPU.ActiveCfg = Release|Any CPU
		{B3805D2A-AFA7-4808-8137-09CDDD715D58}.Release|Any CPU.Build.0 = Release|Any CPU
	EndGlobalSection
	GlobalSection(SolutionProperties) = preSolution
		HideSolutionNode = FALSE
	EndGlobalSection
EndGlobal
